
Microsoft Visual Studio Solution File, Format Version 12.00
# Visual Studio 2013
VisualStudioVersion = 12.0.31101.0
MinimumVisualStudioVersion = 10.0.40219.1
Project("{CC5FD16D-436D-48AD-A40C-5A424C6E3E79}") = "AutoRss", "AutoRss\AutoRss.ccproj", "{F598EE0D-5122-42E1-B268-464E11843091}"
EndProject
Project("{FAE04EC0-301F-11D3-BF4B-00C04F79EFBC}") = "SyndicationWebRole", "SyndicationWebRole\SyndicationWebRole.csproj", "{EAE1302C-DA3F-4CFD-B6C0-46506632DAE2}"
EndProject
Project("{FAE04EC0-301F-11D3-BF4B-00C04F79EFBC}") = "Models", "Models\Models.csproj", "{41A3DB50-A634-4633-BE1A-9FAD04B87365}"
EndProject
Project("{FAE04EC0-301F-11D3-BF4B-00C04F79EFBC}") = "SyndicationFeedFormatter", "SyndicationFeedFormatter\SyndicationFeedFormatter.csproj", "{BD678F6B-C4CF-4AA3-A90F-464AE6C7CEC2}"
EndProject
Project("{FAE04EC0-301F-11D3-BF4B-00C04F79EFBC}") = "SyndicationFeedFormatterTests", "SyndicationFeedFormatterTests\SyndicationFeedFormatterTests.csproj", "{C76AC68B-C11C-4700-A339-8A2BCE3E8E29}"
EndProject
Project("{FAE04EC0-301F-11D3-BF4B-00C04F79EFBC}") = "Configuration", "Configuration\Configuration.csproj", "{DE52BFDB-9618-4865-8556-8CC5B62B86DD}"
EndProject
Project("{FAE04EC0-301F-11D3-BF4B-00C04F79EFBC}") = "YouTubeExtractionWorker", "YouTubeExtractionWorker\YouTubeExtractionWorker.csproj", "{BCA5F913-543B-4F94-AB3C-71FB5F0DBA93}"
EndProject
Project("{FAE04EC0-301F-11D3-BF4B-00C04F79EFBC}") = "YouTubeExtractionWorkerTests", "YouTubeExtractionWorkerTests\YouTubeExtractionWorkerTests.csproj", "{FBA64900-8503-469B-8E69-01AE777CBB8D}"
EndProject
Project("{FAE04EC0-301F-11D3-BF4B-00C04F79EFBC}") = "Console", "Console\Console.csproj", "{BA28B809-BCAD-4CAD-B38B-8E0647871921}"
EndProject
Project("{FAE04EC0-301F-11D3-BF4B-00C04F79EFBC}") = "WriterWorker", "WriterWorker\WriterWorker.csproj", "{591B05B8-709C-4054-A854-11BFAADD62FD}"
EndProject
Global
	GlobalSection(SolutionConfigurationPlatforms) = preSolution
		Debug|Any CPU = Debug|Any CPU
		Release|Any CPU = Release|Any CPU
	EndGlobalSection
	GlobalSection(ProjectConfigurationPlatforms) = postSolution
		{F598EE0D-5122-42E1-B268-464E11843091}.Debug|Any CPU.ActiveCfg = Debug|Any CPU
		{F598EE0D-5122-42E1-B268-464E11843091}.Debug|Any CPU.Build.0 = Debug|Any CPU
		{F598EE0D-5122-42E1-B268-464E11843091}.Release|Any CPU.ActiveCfg = Release|Any CPU
		{F598EE0D-5122-42E1-B268-464E11843091}.Release|Any CPU.Build.0 = Release|Any CPU
		{EAE1302C-DA3F-4CFD-B6C0-46506632DAE2}.Debug|Any CPU.ActiveCfg = Debug|Any CPU
		{EAE1302C-DA3F-4CFD-B6C0-46506632DAE2}.Debug|Any CPU.Build.0 = Debug|Any CPU
		{EAE1302C-DA3F-4CFD-B6C0-46506632DAE2}.Release|Any CPU.ActiveCfg = Release|Any CPU
		{EAE1302C-DA3F-4CFD-B6C0-46506632DAE2}.Release|Any CPU.Build.0 = Release|Any CPU
		{41A3DB50-A634-4633-BE1A-9FAD04B87365}.Debug|Any CPU.ActiveCfg = Debug|Any CPU
		{41A3DB50-A634-4633-BE1A-9FAD04B87365}.Debug|Any CPU.Build.0 = Debug|Any CPU
		{41A3DB50-A634-4633-BE1A-9FAD04B87365}.Release|Any CPU.ActiveCfg = Release|Any CPU
		{41A3DB50-A634-4633-BE1A-9FAD04B87365}.Release|Any CPU.Build.0 = Release|Any CPU
		{BD678F6B-C4CF-4AA3-A90F-464AE6C7CEC2}.Debug|Any CPU.ActiveCfg = Debug|Any CPU
		{BD678F6B-C4CF-4AA3-A90F-464AE6C7CEC2}.Debug|Any CPU.Build.0 = Debug|Any CPU
		{BD678F6B-C4CF-4AA3-A90F-464AE6C7CEC2}.Release|Any CPU.ActiveCfg = Release|Any CPU
		{BD678F6B-C4CF-4AA3-A90F-464AE6C7CEC2}.Release|Any CPU.Build.0 = Release|Any CPU
		{C76AC68B-C11C-4700-A339-8A2BCE3E8E29}.Debug|Any CPU.ActiveCfg = Debug|Any CPU
		{C76AC68B-C11C-4700-A339-8A2BCE3E8E29}.Debug|Any CPU.Build.0 = Debug|Any CPU
		{C76AC68B-C11C-4700-A339-8A2BCE3E8E29}.Release|Any CPU.ActiveCfg = Release|Any CPU
		{C76AC68B-C11C-4700-A339-8A2BCE3E8E29}.Release|Any CPU.Build.0 = Release|Any CPU
		{DE52BFDB-9618-4865-8556-8CC5B62B86DD}.Debug|Any CPU.ActiveCfg = Debug|Any CPU
		{DE52BFDB-9618-4865-8556-8CC5B62B86DD}.Debug|Any CPU.Build.0 = Debug|Any CPU
		{DE52BFDB-9618-4865-8556-8CC5B62B86DD}.Release|Any CPU.ActiveCfg = Release|Any CPU
		{DE52BFDB-9618-4865-8556-8CC5B62B86DD}.Release|Any CPU.Build.0 = Release|Any CPU
		{BCA5F913-543B-4F94-AB3C-71FB5F0DBA93}.Debug|Any CPU.ActiveCfg = Debug|Any CPU
		{BCA5F913-543B-4F94-AB3C-71FB5F0DBA93}.Debug|Any CPU.Build.0 = Debug|Any CPU
		{BCA5F913-543B-4F94-AB3C-71FB5F0DBA93}.Release|Any CPU.ActiveCfg = Release|Any CPU
		{BCA5F913-543B-4F94-AB3C-71FB5F0DBA93}.Release|Any CPU.Build.0 = Release|Any CPU
		{FBA64900-8503-469B-8E69-01AE777CBB8D}.Debug|Any CPU.ActiveCfg = Debug|Any CPU
		{FBA64900-8503-469B-8E69-01AE777CBB8D}.Debug|Any CPU.Build.0 = Debug|Any CPU
		{FBA64900-8503-469B-8E69-01AE777CBB8D}.Release|Any CPU.ActiveCfg = Release|Any CPU
		{FBA64900-8503-469B-8E69-01AE777CBB8D}.Release|Any CPU.Build.0 = Release|Any CPU
		{BA28B809-BCAD-4CAD-B38B-8E0647871921}.Debug|Any CPU.ActiveCfg = Debug|Any CPU
		{BA28B809-BCAD-4CAD-B38B-8E0647871921}.Debug|Any CPU.Build.0 = Debug|Any CPU
		{BA28B809-BCAD-4CAD-B38B-8E0647871921}.Release|Any CPU.ActiveCfg = Release|Any CPU
		{BA28B809-BCAD-4CAD-B38B-8E0647871921}.Release|Any CPU.Build.0 = Release|Any CPU
		{591B05B8-709C-4054-A854-11BFAADD62FD}.Debug|Any CPU.ActiveCfg = Debug|Any CPU
		{591B05B8-709C-4054-A854-11BFAADD62FD}.Debug|Any CPU.Build.0 = Debug|Any CPU
		{591B05B8-709C-4054-A854-11BFAADD62FD}.Release|Any CPU.ActiveCfg = Release|Any CPU
		{591B05B8-709C-4054-A854-11BFAADD62FD}.Release|Any CPU.Build.0 = Release|Any CPU
	EndGlobalSection
	GlobalSection(SolutionProperties) = preSolution
		HideSolutionNode = FALSE
	EndGlobalSection
EndGlobal
